
Microsoft Visual Studio Solution File, Format Version 12.00
# Visual Studio 15
Project("{FAE04EC0-301F-11D3-BF4B-00C04F79EFBC}") = "UnityEngine.TestRunner", "UnityEngine.TestRunner.csproj", "{77CDC38F-0DE3-63CD-1024-BEC61299F030}"
EndProject
Project("{FAE04EC0-301F-11D3-BF4B-00C04F79EFBC}") = "Unity.Timeline", "Unity.Timeline.csproj", "{C1C7A355-04DA-111D-020B-1E7AFE9FD608}"
EndProject
Project("{FAE04EC0-301F-11D3-BF4B-00C04F79EFBC}") = "UnityEngine.UI", "UnityEngine.UI.csproj", "{E9680A4A-8A41-3490-5351-84FDFCC1FB9A}"
EndProject
Project("{FAE04EC0-301F-11D3-BF4B-00C04F79EFBC}") = "Assembly-CSharp", "Assembly-CSharp.csproj", "{CBEE44B2-AC02-2D81-086E-310C52B2BE1D}"
EndProject
Project("{FAE04EC0-301F-11D3-BF4B-00C04F79EFBC}") = "Unity.TextMeshPro", "Unity.TextMeshPro.csproj", "{92C7C752-A8EB-B990-B5F6-837603033049}"
EndProject
Project("{FAE04EC0-301F-11D3-BF4B-00C04F79EFBC}") = "UnityEditor.TestRunner", "UnityEditor.TestRunner.csproj", "{255E0D82-0666-3706-E187-536DD62DEA5A}"
EndProject
Project("{FAE04EC0-301F-11D3-BF4B-00C04F79EFBC}") = "Unity.PlasticSCM.Editor", "Unity.PlasticSCM.Editor.csproj", "{3BE36E9A-C584-4525-8FF6-D2294610C725}"
EndProject
Project("{FAE04EC0-301F-11D3-BF4B-00C04F79EFBC}") = "UnityEditor.UI", "UnityEditor.UI.csproj", "{4AE7FAD8-1828-4EFF-4860-6553B6D360F7}"
EndProject
Project("{FAE04EC0-301F-11D3-BF4B-00C04F79EFBC}") = "Unity.Services.Core.Editor", "Unity.Services.Core.Editor.csproj", "{E3B4E19C-D9EE-E89E-0416-4BA3A8F8BFD5}"
EndProject
Project("{FAE04EC0-301F-11D3-BF4B-00C04F79EFBC}") = "Unity.Timeline.Editor", "Unity.Timeline.Editor.csproj", "{B70D30C9-4980-842F-0ECA-0535F088ADAF}"
EndProject
Project("{FAE04EC0-301F-11D3-BF4B-00C04F79EFBC}") = "Unity.VisualStudio.Editor", "Unity.VisualStudio.Editor.csproj", "{FD6405E8-B99B-47E6-7DFB-1E80EF6F726C}"
EndProject
Project("{FAE04EC0-301F-11D3-BF4B-00C04F79EFBC}") = "Unity.TextMeshPro.Editor", "Unity.TextMeshPro.Editor.csproj", "{00270099-E7A3-5D5F-A3BF-11F777917DAF}"
EndProject
Project("{FAE04EC0-301F-11D3-BF4B-00C04F79EFBC}") = "Unity.CollabProxy.Editor", "Unity.CollabProxy.Editor.csproj", "{8EB455C4-27CE-4B85-ABFF-2E84F4ADE46B}"
EndProject
Project("{FAE04EC0-301F-11D3-BF4B-00C04F79EFBC}") = "Unity.Rider.Editor", "Unity.Rider.Editor.csproj", "{68FA035B-70D4-E56F-F21C-920715FAC038}"
EndProject
Project("{FAE04EC0-301F-11D3-BF4B-00C04F79EFBC}") = "Unity.2D.Tilemap.Editor", "Unity.2D.Tilemap.Editor.csproj", "{E5E92C3D-8695-0982-9431-FED7761082A8}"
EndProject
Project("{FAE04EC0-301F-11D3-BF4B-00C04F79EFBC}") = "Unity.VSCode.Editor", "Unity.VSCode.Editor.csproj", "{5E79BD32-B74A-2678-1987-0A4225F00168}"
EndProject
Project("{FAE04EC0-301F-11D3-BF4B-00C04F79EFBC}") = "Assembly-CSharp-Editor", "Assembly-CSharp-Editor.csproj", "{A9F1DFA4-BF97-5034-41DD-F8B383EEC68E}"
EndProject
Project("{FAE04EC0-301F-11D3-BF4B-00C04F79EFBC}") = "UnityEngine.TestRunner", "UnityEngine.TestRunner.Player.csproj", "{65F565A1-EA3E-D91B-DF19-1B0EF34F983F}"
EndProject
Project("{FAE04EC0-301F-11D3-BF4B-00C04F79EFBC}") = "Unity.Timeline", "Unity.Timeline.Player.csproj", "{FBDFED08-7844-B879-6E65-9C80F94C0B5F}"
EndProject
Project("{FAE04EC0-301F-11D3-BF4B-00C04F79EFBC}") = "UnityEngine.UI", "UnityEngine.UI.Player.csproj", "{846A0039-4FFD-3A57-EA21-C204F50503A3}"
EndProject
Project("{FAE04EC0-301F-11D3-BF4B-00C04F79EFBC}") = "Assembly-CSharp", "Assembly-CSharp.Player.csproj", "{4F2D3924-C2F0-CF51-42E9-EAAB6396F34B}"
EndProject
Project("{FAE04EC0-301F-11D3-BF4B-00C04F79EFBC}") = "Unity.TextMeshPro", "Unity.TextMeshPro.Player.csproj", "{4729EDB4-5969-3036-4472-4316CD7A5637}"
EndProject
Global
	GlobalSection(SolutionConfigurationPlatforms) = preSolution
		Debug|Any CPU = Debug|Any CPU
		Release|Any CPU = Release|Any CPU
	EndGlobalSection
	GlobalSection(ProjectConfigurationPlatforms) = postSolution
		{77CDC38F-0DE3-63CD-1024-BEC61299F030}.Debug|Any CPU.ActiveCfg = Debug|Any CPU
		{77CDC38F-0DE3-63CD-1024-BEC61299F030}.Debug|Any CPU.Build.0 = Debug|Any CPU
		{77CDC38F-0DE3-63CD-1024-BEC61299F030}.Release|Any CPU.ActiveCfg = Release|Any CPU
		{77CDC38F-0DE3-63CD-1024-BEC61299F030}.Release|Any CPU.Build.0 = Release|Any CPU
		{C1C7A355-04DA-111D-020B-1E7AFE9FD608}.Debug|Any CPU.ActiveCfg = Debug|Any CPU
		{C1C7A355-04DA-111D-020B-1E7AFE9FD608}.Debug|Any CPU.Build.0 = Debug|Any CPU
		{C1C7A355-04DA-111D-020B-1E7AFE9FD608}.Release|Any CPU.ActiveCfg = Release|Any CPU
		{C1C7A355-04DA-111D-020B-1E7AFE9FD608}.Release|Any CPU.Build.0 = Release|Any CPU
		{E9680A4A-8A41-3490-5351-84FDFCC1FB9A}.Debug|Any CPU.ActiveCfg = Debug|Any CPU
		{E9680A4A-8A41-3490-5351-84FDFCC1FB9A}.Debug|Any CPU.Build.0 = Debug|Any CPU
		{E9680A4A-8A41-3490-5351-84FDFCC1FB9A}.Release|Any CPU.ActiveCfg = Release|Any CPU
		{E9680A4A-8A41-3490-5351-84FDFCC1FB9A}.Release|Any CPU.Build.0 = Release|Any CPU
		{CBEE44B2-AC02-2D81-086E-310C52B2BE1D}.Debug|Any CPU.ActiveCfg = Debug|Any CPU
		{CBEE44B2-AC02-2D81-086E-310C52B2BE1D}.Debug|Any CPU.Build.0 = Debug|Any CPU
		{CBEE44B2-AC02-2D81-086E-310C52B2BE1D}.Release|Any CPU.ActiveCfg = Release|Any CPU
		{CBEE44B2-AC02-2D81-086E-310C52B2BE1D}.Release|Any CPU.Build.0 = Release|Any CPU
		{92C7C752-A8EB-B990-B5F6-837603033049}.Debug|Any CPU.ActiveCfg = Debug|Any CPU
		{92C7C752-A8EB-B990-B5F6-837603033049}.Debug|Any CPU.Build.0 = Debug|Any CPU
		{92C7C752-A8EB-B990-B5F6-837603033049}.Release|Any CPU.ActiveCfg = Release|Any CPU
		{92C7C752-A8EB-B990-B5F6-837603033049}.Release|Any CPU.Build.0 = Release|Any CPU
		{255E0D82-0666-3706-E187-536DD62DEA5A}.Debug|Any CPU.ActiveCfg = Debug|Any CPU
		{255E0D82-0666-3706-E187-536DD62DEA5A}.Debug|Any CPU.Build.0 = Debug|Any CPU
		{255E0D82-0666-3706-E187-536DD62DEA5A}.Release|Any CPU.ActiveCfg = Release|Any CPU
		{255E0D82-0666-3706-E187-536DD62DEA5A}.Release|Any CPU.Build.0 = Release|Any CPU
		{3BE36E9A-C584-4525-8FF6-D2294610C725}.Debug|Any CPU.ActiveCfg = Debug|Any CPU
		{3BE36E9A-C584-4525-8FF6-D2294610C725}.Debug|Any CPU.Build.0 = Debug|Any CPU
		{3BE36E9A-C584-4525-8FF6-D2294610C725}.Release|Any CPU.ActiveCfg = Release|Any CPU
		{3BE36E9A-C584-4525-8FF6-D2294610C725}.Release|Any CPU.Build.0 = Release|Any CPU
		{4AE7FAD8-1828-4EFF-4860-6553B6D360F7}.Debug|Any CPU.ActiveCfg = Debug|Any CPU
		{4AE7FAD8-1828-4EFF-4860-6553B6D360F7}.Debug|Any CPU.Build.0 = Debug|Any CPU
		{4AE7FAD8-1828-4EFF-4860-6553B6D360F7}.Release|Any CPU.ActiveCfg = Release|Any CPU
		{4AE7FAD8-1828-4EFF-4860-6553B6D360F7}.Release|Any CPU.Build.0 = Release|Any CPU
		{E3B4E19C-D9EE-E89E-0416-4BA3A8F8BFD5}.Debug|Any CPU.ActiveCfg = Debug|Any CPU
		{E3B4E19C-D9EE-E89E-0416-4BA3A8F8BFD5}.Debug|Any CPU.Build.0 = Debug|Any CPU
		{E3B4E19C-D9EE-E89E-0416-4BA3A8F8BFD5}.Release|Any CPU.ActiveCfg = Release|Any CPU
		{E3B4E19C-D9EE-E89E-0416-4BA3A8F8BFD5}.Release|Any CPU.Build.0 = Release|Any CPU
		{B70D30C9-4980-842F-0ECA-0535F088ADAF}.Debug|Any CPU.ActiveCfg = Debug|Any CPU
		{B70D30C9-4980-842F-0ECA-0535F088ADAF}.Debug|Any CPU.Build.0 = Debug|Any CPU
		{B70D30C9-4980-842F-0ECA-0535F088ADAF}.Release|Any CPU.ActiveCfg = Release|Any CPU
		{B70D30C9-4980-842F-0ECA-0535F088ADAF}.Release|Any CPU.Build.0 = Release|Any CPU
		{FD6405E8-B99B-47E6-7DFB-1E80EF6F726C}.Debug|Any CPU.ActiveCfg = Debug|Any CPU
		{FD6405E8-B99B-47E6-7DFB-1E80EF6F726C}.Debug|Any CPU.Build.0 = Debug|Any CPU
		{FD6405E8-B99B-47E6-7DFB-1E80EF6F726C}.Release|Any CPU.ActiveCfg = Release|Any CPU
		{FD6405E8-B99B-47E6-7DFB-1E80EF6F726C}.Release|Any CPU.Build.0 = Release|Any CPU
		{00270099-E7A3-5D5F-A3BF-11F777917DAF}.Debug|Any CPU.ActiveCfg = Debug|Any CPU
		{00270099-E7A3-5D5F-A3BF-11F777917DAF}.Debug|Any CPU.Build.0 = Debug|Any CPU
		{00270099-E7A3-5D5F-A3BF-11F777917DAF}.Release|Any CPU.ActiveCfg = Release|Any CPU
		{00270099-E7A3-5D5F-A3BF-11F777917DAF}.Release|Any CPU.Build.0 = Release|Any CPU
		{8EB455C4-27CE-4B85-ABFF-2E84F4ADE46B}.Debug|Any CPU.ActiveCfg = Debug|Any CPU
		{8EB455C4-27CE-4B85-ABFF-2E84F4ADE46B}.Debug|Any CPU.Build.0 = Debug|Any CPU
		{8EB455C4-27CE-4B85-ABFF-2E84F4ADE46B}.Release|Any CPU.ActiveCfg = Release|Any CPU
		{8EB455C4-27CE-4B85-ABFF-2E84F4ADE46B}.Release|Any CPU.Build.0 = Release|Any CPU
		{68FA035B-70D4-E56F-F21C-920715FAC038}.Debug|Any CPU.ActiveCfg = Debug|Any CPU
		{68FA035B-70D4-E56F-F21C-920715FAC038}.Debug|Any CPU.Build.0 = Debug|Any CPU
		{68FA035B-70D4-E56F-F21C-920715FAC038}.Release|Any CPU.ActiveCfg = Release|Any CPU
		{68FA035B-70D4-E56F-F21C-920715FAC038}.Release|Any CPU.Build.0 = Release|Any CPU
		{E5E92C3D-8695-0982-9431-FED7761082A8}.Debug|Any CPU.ActiveCfg = Debug|Any CPU
		{E5E92C3D-8695-0982-9431-FED7761082A8}.Debug|Any CPU.Build.0 = Debug|Any CPU
		{E5E92C3D-8695-0982-9431-FED7761082A8}.Release|Any CPU.ActiveCfg = Release|Any CPU
		{E5E92C3D-8695-0982-9431-FED7761082A8}.Release|Any CPU.Build.0 = Release|Any CPU
		{5E79BD32-B74A-2678-1987-0A4225F00168}.Debug|Any CPU.ActiveCfg = Debug|Any CPU
		{5E79BD32-B74A-2678-1987-0A4225F00168}.Debug|Any CPU.Build.0 = Debug|Any CPU
		{5E79BD32-B74A-2678-1987-0A4225F00168}.Release|Any CPU.ActiveCfg = Release|Any CPU
		{5E79BD32-B74A-2678-1987-0A4225F00168}.Release|Any CPU.Build.0 = Release|Any CPU
		{A9F1DFA4-BF97-5034-41DD-F8B383EEC68E}.Debug|Any CPU.ActiveCfg = Debug|Any CPU
		{A9F1DFA4-BF97-5034-41DD-F8B383EEC68E}.Debug|Any CPU.Build.0 = Debug|Any CPU
		{A9F1DFA4-BF97-5034-41DD-F8B383EEC68E}.Release|Any CPU.ActiveCfg = Release|Any CPU
		{A9F1DFA4-BF97-5034-41DD-F8B383EEC68E}.Release|Any CPU.Build.0 = Release|Any CPU
		{65F565A1-EA3E-D91B-DF19-1B0EF34F983F}.Debug|Any CPU.ActiveCfg = Debug|Any CPU
		{65F565A1-EA3E-D91B-DF19-1B0EF34F983F}.Debug|Any CPU.Build.0 = Debug|Any CPU
		{65F565A1-EA3E-D91B-DF19-1B0EF34F983F}.Release|Any CPU.ActiveCfg = Release|Any CPU
		{65F565A1-EA3E-D91B-DF19-1B0EF34F983F}.Release|Any CPU.Build.0 = Release|Any CPU
		{FBDFED08-7844-B879-6E65-9C80F94C0B5F}.Debug|Any CPU.ActiveCfg = Debug|Any CPU
		{FBDFED08-7844-B879-6E65-9C80F94C0B5F}.Debug|Any CPU.Build.0 = Debug|Any CPU
		{FBDFED08-7844-B879-6E65-9C80F94C0B5F}.Release|Any CPU.ActiveCfg = Release|Any CPU
		{FBDFED08-7844-B879-6E65-9C80F94C0B5F}.Release|Any CPU.Build.0 = Release|Any CPU
		{846A0039-4FFD-3A57-EA21-C204F50503A3}.Debug|Any CPU.ActiveCfg = Debug|Any CPU
		{846A0039-4FFD-3A57-EA21-C204F50503A3}.Debug|Any CPU.Build.0 = Debug|Any CPU
		{846A0039-4FFD-3A57-EA21-C204F50503A3}.Release|Any CPU.ActiveCfg = Release|Any CPU
		{846A0039-4FFD-3A57-EA21-C204F50503A3}.Release|Any CPU.Build.0 = Release|Any CPU
		{4F2D3924-C2F0-CF51-42E9-EAAB6396F34B}.Debug|Any CPU.ActiveCfg = Debug|Any CPU
		{4F2D3924-C2F0-CF51-42E9-EAAB6396F34B}.Debug|Any CPU.Build.0 = Debug|Any CPU
		{4F2D3924-C2F0-CF51-42E9-EAAB6396F34B}.Release|Any CPU.ActiveCfg = Release|Any CPU
		{4F2D3924-C2F0-CF51-42E9-EAAB6396F34B}.Release|Any CPU.Build.0 = Release|Any CPU
		{4729EDB4-5969-3036-4472-4316CD7A5637}.Debug|Any CPU.ActiveCfg = Debug|Any CPU
		{4729EDB4-5969-3036-4472-4316CD7A5637}.Debug|Any CPU.Build.0 = Debug|Any CPU
		{4729EDB4-5969-3036-4472-4316CD7A5637}.Release|Any CPU.ActiveCfg = Release|Any CPU
		{4729EDB4-5969-3036-4472-4316CD7A5637}.Release|Any CPU.Build.0 = Release|Any CPU
	EndGlobalSection
	GlobalSection(SolutionProperties) = preSolution
		HideSolutionNode = FALSE
	EndGlobalSection
EndGlobal
